
Microsoft Visual Studio Solution File, Format Version 12.00
# Visual Studio Version 16
VisualStudioVersion = 16.0.30406.217
MinimumVisualStudioVersion = 10.0.40219.1
Project("{FAE04EC0-301F-11D3-BF4B-00C04F79EFBC}") = "ZmanimCalendarCalculator", "ZmanimCalendarCalculator\ZmanimCalendarCalculator.csproj", "{9DC36D7C-1687-4B64-8782-AAE9B00278CE}"
EndProject
Global
	GlobalSection(SolutionConfigurationPlatforms) = preSolution
		Debug|Any CPU = Debug|Any CPU
		Release|Any CPU = Release|Any CPU
	EndGlobalSection
	GlobalSection(ProjectConfigurationPlatforms) = postSolution
		{9DC36D7C-1687-4B64-8782-AAE9B00278CE}.Debug|Any CPU.ActiveCfg = Debug|Any CPU
		{9DC36D7C-1687-4B64-8782-AAE9B00278CE}.Debug|Any CPU.Build.0 = Debug|Any CPU
		{9DC36D7C-1687-4B64-8782-AAE9B00278CE}.Release|Any CPU.ActiveCfg = Release|Any CPU
		{9DC36D7C-1687-4B64-8782-AAE9B00278CE}.Release|Any CPU.Build.0 = Release|Any CPU
	EndGlobalSection
	GlobalSection(SolutionProperties) = preSolution
		HideSolutionNode = FALSE
	EndGlobalSection
	GlobalSection(ExtensibilityGlobals) = postSolution
		SolutionGuid = {8C50A0D4-10CD-43E4-B8DF-E3AC882EB890}
	EndGlobalSection
EndGlobal
